[[package]]
name = "appdirs"
version = "1.4.4"
description = "A small Python module for determining appropriate platform-specific dirs, e.g. a \"user data dir\"."
category = "dev"
optional = false
python-versions = "*"

[[package]]
name = "atomicwrites"
version = "1.4.0"
description = "Atomic file writes."
category = "dev"
optional = false
python-versions = ">=2.7, !=3.0.*, !=3.1.*, !=3.2.*, !=3.3.*"

[[package]]
name = "attrs"
version = "21.4.0"
description = "Classes Without Boilerplate"
category = "dev"
optional = false
python-versions = ">=2.7, !=3.0.*, !=3.1.*, !=3.2.*, !=3.3.*, !=3.4.*"

[package.extras]
dev = ["coverage[toml] (>=5.0.2)", "hypothesis", "pympler", "pytest (>=4.3.0)", "six", "mypy", "pytest-mypy-plugins", "zope.interface", "furo", "sphinx", "sphinx-notfound-page", "pre-commit", "cloudpickle"]
docs = ["furo", "sphinx", "zope.interface", "sphinx-notfound-page"]
tests = ["coverage[toml] (>=5.0.2)", "hypothesis", "pympler", "pytest (>=4.3.0)", "six", "mypy", "pytest-mypy-plugins", "zope.interface", "cloudpickle"]
tests_no_zope = ["coverage[toml] (>=5.0.2)", "hypothesis", "pympler", "pytest (>=4.3.0)", "six", "mypy", "pytest-mypy-plugins", "cloudpickle"]

[[package]]
name = "autoflake"
version = "1.4"
description = "Removes unused imports and unused variables"
category = "dev"
optional = false
python-versions = "*"

[package.dependencies]
pyflakes = ">=1.1.0"

[[package]]
name = "autopep8"
version = "1.6.0"
description = "A tool that automatically formats Python code to conform to the PEP 8 style guide"
category = "dev"
optional = false
python-versions = "*"

[package.dependencies]
pycodestyle = ">=2.8.0"
toml = "*"

[[package]]
name = "black"
version = "20.8b1"
description = "The uncompromising code formatter."
category = "dev"
optional = false
python-versions = ">=3.6"

[package.dependencies]
appdirs = "*"
click = ">=7.1.2"
mypy-extensions = ">=0.4.3"
pathspec = ">=0.6,<1"
regex = ">=2020.1.8"
toml = ">=0.10.1"
typed-ast = ">=1.4.0"
typing-extensions = ">=3.7.4"

[package.extras]
colorama = ["colorama (>=0.4.3)"]
d = ["aiohttp (>=3.3.2)", "aiohttp-cors"]

[[package]]
name = "click"
version = "8.0.3"
description = "Composable command line interface toolkit"
category = "dev"
optional = false
python-versions = ">=3.6"

[package.dependencies]
colorama = {version = "*", markers = "platform_system == \"Windows\""}

[[package]]
name = "colorama"
version = "0.4.4"
description = "Cross-platform colored terminal text."
category = "main"
optional = false
python-versions = ">=2.7, !=3.0.*, !=3.1.*, !=3.2.*, !=3.3.*, !=3.4.*"

[[package]]
name = "hachoir"
version = "3.1.1"
description = "Package of Hachoir parsers used to open binary files"
category = "main"
optional = false
python-versions = "*"

[package.extras]
urwid = ["urwid (==1.3.1)"]

[[package]]
name = "isort"
version = "5.10.1"
description = "A Python utility / library to sort Python imports."
category = "dev"
optional = false
python-versions = ">=3.6.1,<4.0"

[package.extras]
pipfile_deprecated_finder = ["pipreqs", "requirementslib"]
requirements_deprecated_finder = ["pipreqs", "pip-api"]
colors = ["colorama (>=0.4.3,<0.5.0)"]
plugins = ["setuptools"]

[[package]]
name = "more-itertools"
version = "8.12.0"
description = "More routines for operating on iterables, beyond itertools"
category = "dev"
optional = false
python-versions = ">=3.5"

[[package]]
name = "mypy-extensions"
version = "0.4.3"
description = "Experimental type system extensions for programs checked with the mypy typechecker."
category = "dev"
optional = false
python-versions = "*"

[[package]]
name = "packaging"
version = "21.3"
description = "Core utilities for Python packages"
category = "dev"
optional = false
python-versions = ">=3.6"

[package.dependencies]
pyparsing = ">=2.0.2,<3.0.5 || >3.0.5"

[[package]]
name = "pathspec"
version = "0.9.0"
description = "Utility library for gitignore style pattern matching of file paths."
category = "dev"
optional = false
python-versions = "!=3.0.*,!=3.1.*,!=3.2.*,!=3.3.*,!=3.4.*,>=2.7"

[[package]]
name = "pluggy"
version = "0.13.1"
description = "plugin and hook calling mechanisms for python"
category = "dev"
optional = false
python-versions = ">=2.7, !=3.0.*, !=3.1.*, !=3.2.*, !=3.3.*"

[package.extras]
dev = ["pre-commit", "tox"]

[[package]]
name = "py"
version = "1.11.0"
description = "library with cross-python path, ini-parsing, io, code, log facilities"
category = "dev"
optional = false
python-versions = ">=2.7, !=3.0.*, !=3.1.*, !=3.2.*, !=3.3.*, !=3.4.*"

[[package]]
name = "pyaes"
version = "1.6.1"
description = "Pure-Python Implementation of the AES block-cipher and common modes of operation"
category = "main"
optional = false
python-versions = "*"

[[package]]
name = "pycodestyle"
version = "2.8.0"
description = "Python style guide checker"
category = "dev"
optional = false
python-versions = ">=2.7, !=3.0.*, !=3.1.*, !=3.2.*, !=3.3.*, !=3.4.*"

[[package]]
name = "pyflakes"
version = "2.4.0"
description = "passive checker of Python programs"
category = "dev"
optional = false
python-versions = ">=2.7, !=3.0.*, !=3.1.*, !=3.2.*, !=3.3.*"

[[package]]
name = "pyparsing"
version = "3.0.6"
description = "Python parsing module"
category = "dev"
optional = false
python-versions = ">=3.6"

[package.extras]
diagrams = ["jinja2", "railroad-diagrams"]

[[package]]
name = "pyrogram"
version = "1.3.1"
description = "Elegant, modern and asynchronous Telegram MTProto API framework in Python for users and bots"
category = "main"
optional = false
python-versions = "~=3.6"

[package.dependencies]
pyaes = "1.6.1"
pysocks = "1.7.1"

[[package]]
name = "pysocks"
version = "1.7.1"
description = "A Python SOCKS client module. See https://github.com/Anorov/PySocks for more information."
category = "main"
optional = false
python-versions = ">=2.7, !=3.0.*, !=3.1.*, !=3.2.*, !=3.3.*"

[[package]]
name = "pytest"
version = "5.4.3"
description = "pytest: simple powerful testing with Python"
category = "dev"
optional = false
python-versions = ">=3.5"

[package.dependencies]
atomicwrites = {version = ">=1.0", markers = "sys_platform == \"win32\""}
attrs = ">=17.4.0"
colorama = {version = "*", markers = "sys_platform == \"win32\""}
more-itertools = ">=4.0.0"
packaging = "*"
pluggy = ">=0.12,<1.0"
py = ">=1.5.0"
wcwidth = "*"

[package.extras]
checkqa-mypy = ["mypy (==v0.761)"]
testing = ["argcomplete", "hypothesis (>=3.56)", "mock", "nose", "requests", "xmlschema"]

[[package]]
name = "regex"
version = "2021.11.10"
description = "Alternative regular expression module, to replace re."
category = "dev"
optional = false
python-versions = "*"

[[package]]
name = "tgcrypto"
version = "1.2.2"
description = "Fast Telegram Crypto Library for Python"
category = "main"
optional = false
python-versions = "~=3.6"

[[package]]
name = "toml"
version = "0.10.2"
description = "Python Library for Tom's Obvious, Minimal Language"
category = "dev"
optional = false
python-versions = ">=2.6, !=3.0.*, !=3.1.*, !=3.2.*"

[[package]]
name = "tqdm"
version = "4.62.3"
description = "Fast, Extensible Progress Meter"
category = "main"
optional = false
python-versions = "!=3.0.*,!=3.1.*,!=3.2.*,!=3.3.*,>=2.7"

[package.dependencies]
colorama = {version = "*", markers = "platform_system == \"Windows\""}

[package.extras]
dev = ["py-make (>=0.1.0)", "twine", "wheel"]
notebook = ["ipywidgets (>=6)"]
telegram = ["requests"]

[[package]]
name = "typed-ast"
version = "1.5.1"
description = "a fork of Python 2 and 3 ast modules with type comment support"
category = "dev"
optional = false
python-versions = ">=3.6"

[[package]]
name = "typing-extensions"
version = "4.0.1"
description = "Backported and Experimental Type Hints for Python 3.6+"
category = "dev"
optional = false
python-versions = ">=3.6"

[[package]]
name = "wcwidth"
version = "0.2.5"
description = "Measures the displayed width of unicode strings in a terminal"
category = "dev"
optional = false
python-versions = "*"

[metadata]
lock-version = "1.1"
python-versions = ">=3.8,<4"
content-hash = "ad09b70d78f75b640ee7c8ae64ea6098bbec267636e4f329755b7a2e3d9dba41"

[metadata.files]
appdirs = [
    {file = "appdirs-1.4.4-py2.py3-none-any.whl", hash = "sha256:a841dacd6b99318a741b166adb07e19ee71a274450e68237b4650ca1055ab128"},
    {file = "appdirs-1.4.4.tar.gz", hash = "sha256:7d5d0167b2b1ba821647616af46a749d1c653740dd0d2415100fe26e27afdf41"},
]
atomicwrites = [
    {file = "atomicwrites-1.4.0-py2.py3-none-any.whl", hash = "sha256:6d1784dea7c0c8d4a5172b6c620f40b6e4cbfdf96d783691f2e1302a7b88e197"},
    {file = "atomicwrites-1.4.0.tar.gz", hash = "sha256:ae70396ad1a434f9c7046fd2dd196fc04b12f9e91ffb859164193be8b6168a7a"},
]
attrs = [
    {file = "attrs-21.4.0-py2.py3-none-any.whl", hash = "sha256:2d27e3784d7a565d36ab851fe94887c5eccd6a463168875832a1be79c82828b4"},
    {file = "attrs-21.4.0.tar.gz", hash = "sha256:626ba8234211db98e869df76230a137c4c40a12d72445c45d5f5b716f076e2fd"},
]
autoflake = [
    {file = "autoflake-1.4.tar.gz", hash = "sha256:61a353012cff6ab94ca062823d1fb2f692c4acda51c76ff83a8d77915fba51ea"},
]
autopep8 = [
    {file = "autopep8-1.6.0-py2.py3-none-any.whl", hash = "sha256:ed77137193bbac52d029a52c59bec1b0629b5a186c495f1eb21b126ac466083f"},
    {file = "autopep8-1.6.0.tar.gz", hash = "sha256:44f0932855039d2c15c4510d6df665e4730f2b8582704fa48f9c55bd3e17d979"},
]
black = [
    {file = "black-20.8b1.tar.gz", hash = "sha256:1c02557aa099101b9d21496f8a914e9ed2222ef70336404eeeac8edba836fbea"},
]
click = [
    {file = "click-8.0.3-py3-none-any.whl", hash = "sha256:353f466495adaeb40b6b5f592f9f91cb22372351c84caeb068132442a4518ef3"},
    {file = "click-8.0.3.tar.gz", hash = "sha256:410e932b050f5eed773c4cda94de75971c89cdb3155a72a0831139a79e5ecb5b"},
]
colorama = [
    {file = "colorama-0.4.4-py2.py3-none-any.whl", hash = "sha256:9f47eda37229f68eee03b24b9748937c7dc3868f906e8ba69fbcbdd3bc5dc3e2"},
    {file = "colorama-0.4.4.tar.gz", hash = "sha256:5941b2b48a20143d2267e95b1c2a7603ce057ee39fd88e7329b0c292aa16869b"},
]
hachoir = [
    {file = "hachoir-3.1.1-py3-none-any.whl", hash = "sha256:353a1efc84a971a0fe6f85e425f2d1d23ab5e702d2c8a0d12da62115a33cbb7d"},
    {file = "hachoir-3.1.1.tar.gz", hash = "sha256:0aa71a39f8c32d3e65902285fefd155d96c2beaec2697a230b67709aaf73140c"},
]
isort = [
    {file = "isort-5.10.1-py3-none-any.whl", hash = "sha256:6f62d78e2f89b4500b080fe3a81690850cd254227f27f75c3a0c491a1f351ba7"},
    {file = "isort-5.10.1.tar.gz", hash = "sha256:e8443a5e7a020e9d7f97f1d7d9cd17c88bcb3bc7e218bf9cf5095fe550be2951"},
]
more-itertools = [
    {file = "more-itertools-8.12.0.tar.gz", hash = "sha256:7dc6ad46f05f545f900dd59e8dfb4e84a4827b97b3cfecb175ea0c7d247f6064"},
    {file = "more_itertools-8.12.0-py3-none-any.whl", hash = "sha256:43e6dd9942dffd72661a2c4ef383ad7da1e6a3e968a927ad7a6083ab410a688b"},
]
mypy-extensions = [
    {file = "mypy_extensions-0.4.3-py2.py3-none-any.whl", hash = "sha256:090fedd75945a69ae91ce1303b5824f428daf5a028d2f6ab8a299250a846f15d"},
    {file = "mypy_extensions-0.4.3.tar.gz", hash = "sha256:2d82818f5bb3e369420cb3c4060a7970edba416647068eb4c5343488a6c604a8"},
]
packaging = [
    {file = "packaging-21.3-py3-none-any.whl", hash = "sha256:ef103e05f519cdc783ae24ea4e2e0f508a9c99b2d4969652eed6a2e1ea5bd522"},
    {file = "packaging-21.3.tar.gz", hash = "sha256:dd47c42927d89ab911e606518907cc2d3a1f38bbd026385970643f9c5b8ecfeb"},
]
pathspec = [
    {file = "pathspec-0.9.0-py2.py3-none-any.whl", hash = "sha256:7d15c4ddb0b5c802d161efc417ec1a2558ea2653c2e8ad9c19098201dc1c993a"},
    {file = "pathspec-0.9.0.tar.gz", hash = "sha256:e564499435a2673d586f6b2130bb5b95f04a3ba06f81b8f895b651a3c76aabb1"},
]
pluggy = [
    {file = "pluggy-0.13.1-py2.py3-none-any.whl", hash = "sha256:966c145cd83c96502c3c3868f50408687b38434af77734af1e9ca461a4081d2d"},
    {file = "pluggy-0.13.1.tar.gz", hash = "sha256:15b2acde666561e1298d71b523007ed7364de07029219b604cf808bfa1c765b0"},
]
py = [
    {file = "py-1.11.0-py2.py3-none-any.whl", hash = "sha256:607c53218732647dff4acdfcd50cb62615cedf612e72d1724fb1a0cc6405b378"},
    {file = "py-1.11.0.tar.gz", hash = "sha256:51c75c4126074b472f746a24399ad32f6053d1b34b68d2fa41e558e6f4a98719"},
]
pyaes = [
    {file = "pyaes-1.6.1.tar.gz", hash = "sha256:02c1b1405c38d3c370b085fb952dd8bea3fadcee6411ad99f312cc129c536d8f"},
]
pycodestyle = [
    {file = "pycodestyle-2.8.0-py2.py3-none-any.whl", hash = "sha256:720f8b39dde8b293825e7ff02c475f3077124006db4f440dcbc9a20b76548a20"},
    {file = "pycodestyle-2.8.0.tar.gz", hash = "sha256:eddd5847ef438ea1c7870ca7eb78a9d47ce0cdb4851a5523949f2601d0cbbe7f"},
]
pyflakes = [
    {file = "pyflakes-2.4.0-py2.py3-none-any.whl", hash = "sha256:3bb3a3f256f4b7968c9c788781e4ff07dce46bdf12339dcda61053375426ee2e"},
    {file = "pyflakes-2.4.0.tar.gz", hash = "sha256:05a85c2872edf37a4ed30b0cce2f6093e1d0581f8c19d7393122da7e25b2b24c"},
]
pyparsing = [
    {file = "pyparsing-3.0.6-py3-none-any.whl", hash = "sha256:04ff808a5b90911829c55c4e26f75fa5ca8a2f5f36aa3a51f68e27033341d3e4"},
    {file = "pyparsing-3.0.6.tar.gz", hash = "sha256:d9bdec0013ef1eb5a84ab39a3b3868911598afa494f5faa038647101504e2b81"},
]
pyrogram = [
    {file = "Pyrogram-1.3.1-py3-none-any.whl", hash = "sha256:5dea5afd46fe1cddd12096e4c520003baf7d52fb131686bb17ac6af41f35ce6a"},
    {file = "Pyrogram-1.3.1.tar.gz", hash = "sha256:e883c001ebf2d0f5ce6805063470c92436c493eb15547923e5d437e2c13f66cd"},
]
pysocks = [
    {file = "PySocks-1.7.1-py27-none-any.whl", hash = "sha256:08e69f092cc6dbe92a0fdd16eeb9b9ffbc13cadfe5ca4c7bd92ffb078b293299"},
    {file = "PySocks-1.7.1-py3-none-any.whl", hash = "sha256:2725bd0a9925919b9b51739eea5f9e2bae91e83288108a9ad338b2e3a4435ee5"},
    {file = "PySocks-1.7.1.tar.gz", hash = "sha256:3f8804571ebe159c380ac6de37643bb4685970655d3bba243530d6558b799aa0"},
]
pytest = [
    {file = "pytest-5.4.3-py3-none-any.whl", hash = "sha256:5c0db86b698e8f170ba4582a492248919255fcd4c79b1ee64ace34301fb589a1"},
    {file = "pytest-5.4.3.tar.gz", hash = "sha256:7979331bfcba207414f5e1263b5a0f8f521d0f457318836a7355531ed1a4c7d8"},
]
regex = [
    {file = "regex-2021.11.10-cp310-cp310-macosx_10_9_x86_64.whl", hash = "sha256:9345b6f7ee578bad8e475129ed40123d265464c4cfead6c261fd60fc9de00bcf"},
    {file = "regex-2021.11.10-cp310-cp310-macosx_11_0_arm64.whl", hash = "sha256:416c5f1a188c91e3eb41e9c8787288e707f7d2ebe66e0a6563af280d9b68478f"},
    {file = "regex-2021.11.10-cp310-cp310-manylinux_2_17_aarch64.manylinux2014_aarch64.whl", hash = "sha256:e0538c43565ee6e703d3a7c3bdfe4037a5209250e8502c98f20fea6f5fdf2965"},
    {file = "regex-2021.11.10-cp310-cp310-manylinux_2_17_ppc64le.manylinux2014_ppc64le.whl", hash = "sha256:7ee1227cf08b6716c85504aebc49ac827eb88fcc6e51564f010f11a406c0a667"},
    {file = "regex-2021.11.10-cp310-cp310-manylinux_2_17_s390x.manylinux2014_s390x.whl", hash = "sha256:6650f16365f1924d6014d2ea770bde8555b4a39dc9576abb95e3cd1ff0263b36"},
    {file = "regex-2021.11.10-cp310-cp310-manylinux_2_17_x86_64.manylinux2014_x86_64.whl", hash = "sha256:30ab804ea73972049b7a2a5c62d97687d69b5a60a67adca07eb73a0ddbc9e29f"},
    {file = "regex-2021.11.10-cp310-cp310-manylinux_2_5_i686.manylinux1_i686.manylinux_2_17_i686.manylinux2014_i686.whl", hash = "sha256:68a067c11463de2a37157930d8b153005085e42bcb7ad9ca562d77ba7d1404e0"},
    {file = "regex-2021.11.10-cp310-cp310-manylinux_2_5_x86_64.manylinux1_x86_64.manylinux_2_12_x86_64.manylinux2010_x86_64.whl", hash = "sha256:162abfd74e88001d20cb73ceaffbfe601469923e875caf9118333b1a4aaafdc4"},
    {file = "regex-2021.11.10-cp310-cp310-musllinux_1_1_aarch64.whl", hash = "sha256:b9ed0b1e5e0759d6b7f8e2f143894b2a7f3edd313f38cf44e1e15d360e11749b"},
    {file = "regex-2021.11.10-cp310-cp310-musllinux_1_1_i686.whl", hash = "sha256:473e67837f786404570eae33c3b64a4b9635ae9f00145250851a1292f484c063"},
    {file = "regex-2021.11.10-cp310-cp310-musllinux_1_1_ppc64le.whl", hash = "sha256:2fee3ed82a011184807d2127f1733b4f6b2ff6ec7151d83ef3477f3b96a13d03"},
    {file = "regex-2021.11.10-cp310-cp310-musllinux_1_1_s390x.whl", hash = "sha256:d5fd67df77bab0d3f4ea1d7afca9ef15c2ee35dfb348c7b57ffb9782a6e4db6e"},
    {file = "regex-2021.11.10-cp310-cp310-musllinux_1_1_x86_64.whl", hash = "sha256:5d408a642a5484b9b4d11dea15a489ea0928c7e410c7525cd892f4d04f2f617b"},
    {file = "regex-2021.11.10-cp310-cp310-win32.whl", hash = "sha256:98ba568e8ae26beb726aeea2273053c717641933836568c2a0278a84987b2a1a"},
    {file = "regex-2021.11.10-cp310-cp310-win_amd64.whl", hash = "sha256:780b48456a0f0ba4d390e8b5f7c661fdd218934388cde1a974010a965e200e12"},
    {file = "regex-2021.11.10-cp36-cp36m-macosx_10_9_x86_64.whl", hash = "sha256:dba70f30fd81f8ce6d32ddeef37d91c8948e5d5a4c63242d16a2b2df8143aafc"},
    {file = "regex-2021.11.10-cp36-cp36m-manylinux_2_17_aarch64.manylinux2014_aarch64.whl", hash = "sha256:e1f54b9b4b6c53369f40028d2dd07a8c374583417ee6ec0ea304e710a20f80a0"},
    {file = "regex-2021.11.10-cp36-cp36m-manylinux_2_17_ppc64le.manylinux2014_ppc64le.whl", hash = "sha256:fbb9dc00e39f3e6c0ef48edee202f9520dafb233e8b51b06b8428cfcb92abd30"},
    {file = "regex-2021.11.10-cp36-cp36m-manylinux_2_17_s390x.manylinux2014_s390x.whl", hash = "sha256:666abff54e474d28ff42756d94544cdfd42e2ee97065857413b72e8a2d6a6345"},
    {file = "regex-2021.11.10-cp36-cp36m-manylinux_2_17_x86_64.manylinux2014_x86_64.whl", hash = "sha256:5537f71b6d646f7f5f340562ec4c77b6e1c915f8baae822ea0b7e46c1f09b733"},
    {file = "regex-2021.11.10-cp36-cp36m-manylinux_2_5_i686.manylinux1_i686.manylinux_2_17_i686.manylinux2014_i686.whl", hash = "sha256:ed2e07c6a26ed4bea91b897ee2b0835c21716d9a469a96c3e878dc5f8c55bb23"},
    {file = "regex-2021.11.10-cp36-cp36m-manylinux_2_5_x86_64.manylinux1_x86_64.manylinux_2_12_x86_64.manylinux2010_x86_64.whl", hash = "sha256:ca5f18a75e1256ce07494e245cdb146f5a9267d3c702ebf9b65c7f8bd843431e"},
    {file = "regex-2021.11.10-cp36-cp36m-musllinux_1_1_aarch64.whl", hash = "sha256:74cbeac0451f27d4f50e6e8a8f3a52ca074b5e2da9f7b505c4201a57a8ed6286"},
    {file = "regex-2021.11.10-cp36-cp36m-musllinux_1_1_i686.whl", hash = "sha256:3598893bde43091ee5ca0a6ad20f08a0435e93a69255eeb5f81b85e81e329264"},
    {file = "regex-2021.11.10-cp36-cp36m-musllinux_1_1_ppc64le.whl", hash = "sha256:50a7ddf3d131dc5633dccdb51417e2d1910d25cbcf842115a3a5893509140a3a"},
    {file = "regex-2021.11.10-cp36-cp36m-musllinux_1_1_s390x.whl", hash = "sha256:61600a7ca4bcf78a96a68a27c2ae9389763b5b94b63943d5158f2a377e09d29a"},
    {file = "regex-2021.11.10-cp36-cp36m-musllinux_1_1_x86_64.whl", hash = "sha256:563d5f9354e15e048465061509403f68424fef37d5add3064038c2511c8f5e00"},
    {file = "regex-2021.11.10-cp36-cp36m-win32.whl", hash = "sha256:93a5051fcf5fad72de73b96f07d30bc29665697fb8ecdfbc474f3452c78adcf4"},
    {file = "regex-2021.11.10-cp36-cp36m-win_amd64.whl", hash = "sha256:b483c9d00a565633c87abd0aaf27eb5016de23fed952e054ecc19ce32f6a9e7e"},
    {file = "regex-2021.11.10-cp37-cp37m-macosx_10_9_x86_64.whl", hash = "sha256:fff55f3ce50a3ff63ec8e2a8d3dd924f1941b250b0aac3d3d42b687eeff07a8e"},
    {file = "regex-2021.11.10-cp37-cp37m-manylinux_2_17_aarch64.manylinux2014_aarch64.whl", hash = "sha256:e32d2a2b02ccbef10145df9135751abea1f9f076e67a4e261b05f24b94219e36"},
    {file = "regex-2021.11.10-cp37-cp37m-manylinux_2_17_ppc64le.manylinux2014_ppc64le.whl", hash = "sha256:53db2c6be8a2710b359bfd3d3aa17ba38f8aa72a82309a12ae99d3c0c3dcd74d"},
    {file = "regex-2021.11.10-cp37-cp37m-manylinux_2_17_s390x.manylinux2014_s390x.whl", hash = "sha256:2207ae4f64ad3af399e2d30dde66f0b36ae5c3129b52885f1bffc2f05ec505c8"},
    {file = "regex-2021.11.10-cp37-cp37m-manylinux_2_17_x86_64.manylinux2014_x86_64.whl", hash = "sha256:d5ca078bb666c4a9d1287a379fe617a6dccd18c3e8a7e6c7e1eb8974330c626a"},
    {file = "regex-2021.11.10-cp37-cp37m-manylinux_2_5_i686.manylinux1_i686.manylinux_2_17_i686.manylinux2014_i686.whl", hash = "sha256:dd33eb9bdcfbabab3459c9ee651d94c842bc8a05fabc95edf4ee0c15a072495e"},
    {file = "regex-2021.11.10-cp37-cp37m-manylinux_2_5_x86_64.manylinux1_x86_64.manylinux_2_12_x86_64.manylinux2010_x86_64.whl", hash = "sha256:05b7d6d7e64efe309972adab77fc2af8907bb93217ec60aa9fe12a0dad35874f"},
    {file = "regex-2021.11.10-cp37-cp37m-musllinux_1_1_aarch64.whl", hash = "sha256:42b50fa6666b0d50c30a990527127334d6b96dd969011e843e726a64011485da"},
    {file = "regex-2021.11.10-cp37-cp37m-musllinux_1_1_i686.whl", hash = "sha256:6e1d2cc79e8dae442b3fa4a26c5794428b98f81389af90623ffcc650ce9f6732"},
    {file = "regex-2021.11.10-cp37-cp37m-musllinux_1_1_ppc64le.whl", hash = "sha256:0416f7399e918c4b0e074a0f66e5191077ee2ca32a0f99d4c187a62beb47aa05"},
    {file = "regex-2021.11.10-cp37-cp37m-musllinux_1_1_s390x.whl", hash = "sha256:ce298e3d0c65bd03fa65ffcc6db0e2b578e8f626d468db64fdf8457731052942"},
    {file = "regex-2021.11.10-cp37-cp37m-musllinux_1_1_x86_64.whl", hash = "sha256:dc07f021ee80510f3cd3af2cad5b6a3b3a10b057521d9e6aaeb621730d320c5a"},
    {file = "regex-2021.11.10-cp37-cp37m-win32.whl", hash = "sha256:e71255ba42567d34a13c03968736c5d39bb4a97ce98188fafb27ce981115beec"},
    {file = "regex-2021.11.10-cp37-cp37m-win_amd64.whl", hash = "sha256:07856afef5ffcc052e7eccf3213317fbb94e4a5cd8177a2caa69c980657b3cb4"},
    {file = "regex-2021.11.10-cp38-cp38-macosx_10_9_x86_64.whl", hash = "sha256:ba05430e819e58544e840a68b03b28b6d328aff2e41579037e8bab7653b37d83"},
    {file = "regex-2021.11.10-cp38-cp38-macosx_11_0_arm64.whl", hash = "sha256:7f301b11b9d214f83ddaf689181051e7f48905568b0c7017c04c06dfd065e244"},
    {file = "regex-2021.11.10-cp38-cp38-manylinux_2_17_aarch64.manylinux2014_aarch64.whl", hash = "sha256:4aaa4e0705ef2b73dd8e36eeb4c868f80f8393f5f4d855e94025ce7ad8525f50"},
    {file = "regex-2021.11.10-cp38-cp38-manylinux_2_17_ppc64le.manylinux2014_ppc64le.whl", hash = "sha256:788aef3549f1924d5c38263104dae7395bf020a42776d5ec5ea2b0d3d85d6646"},
    {file = "regex-2021.11.10-cp38-cp38-manylinux_2_17_s390x.manylinux2014_s390x.whl", hash = "sha256:f8af619e3be812a2059b212064ea7a640aff0568d972cd1b9e920837469eb3cb"},
    {file = "regex-2021.11.10-cp38-cp38-manylinux_2_17_x86_64.manylinux2014_x86_64.whl", hash = "sha256:85bfa6a5413be0ee6c5c4a663668a2cad2cbecdee367630d097d7823041bdeec"},
    {file = "regex-2021.11.10-cp38-cp38-manylinux_2_5_i686.manylinux1_i686.manylinux_2_17_i686.manylinux2014_i686.whl", hash = "sha256:f23222527b307970e383433daec128d769ff778d9b29343fb3496472dc20dabe"},
    {file = "regex-2021.11.10-cp38-cp38-manylinux_2_5_x86_64.manylinux1_x86_64.manylinux_2_12_x86_64.manylinux2010_x86_64.whl", hash = "sha256:da1a90c1ddb7531b1d5ff1e171b4ee61f6345119be7351104b67ff413843fe94"},
    {file = "regex-2021.11.10-cp38-cp38-musllinux_1_1_aarch64.whl", hash = "sha256:f5be7805e53dafe94d295399cfbe5227f39995a997f4fd8539bf3cbdc8f47ca8"},
    {file = "regex-2021.11.10-cp38-cp38-musllinux_1_1_i686.whl", hash = "sha256:a955b747d620a50408b7fdf948e04359d6e762ff8a85f5775d907ceced715129"},
    {file = "regex-2021.11.10-cp38-cp38-musllinux_1_1_ppc64le.whl", hash = "sha256:139a23d1f5d30db2cc6c7fd9c6d6497872a672db22c4ae1910be22d4f4b2068a"},
    {file = "regex-2021.11.10-cp38-cp38-musllinux_1_1_s390x.whl", hash = "sha256:ca49e1ab99593438b204e00f3970e7a5f70d045267051dfa6b5f4304fcfa1dbf"},
    {file = "regex-2021.11.10-cp38-cp38-musllinux_1_1_x86_64.whl", hash = "sha256:96fc32c16ea6d60d3ca7f63397bff5c75c5a562f7db6dec7d412f7c4d2e78ec0"},
    {file = "regex-2021.11.10-cp38-cp38-win32.whl", hash = "sha256:0617383e2fe465732af4509e61648b77cbe3aee68b6ac8c0b6fe934db90be5cc"},
    {file = "regex-2021.11.10-cp38-cp38-win_amd64.whl", hash = "sha256:a3feefd5e95871872673b08636f96b61ebef62971eab044f5124fb4dea39919d"},
    {file = "regex-2021.11.10-cp39-cp39-macosx_10_9_x86_64.whl", hash = "sha256:f7f325be2804246a75a4f45c72d4ce80d2443ab815063cdf70ee8fb2ca59ee1b"},
    {file = "regex-2021.11.10-cp39-cp39-macosx_11_0_arm64.whl", hash = "sha256:537ca6a3586931b16a85ac38c08cc48f10fc870a5b25e51794c74df843e9966d"},
    {file = "regex-2021.11.10-cp39-cp39-manylinux_2_17_aarch64.manylinux2014_aarch64.whl", hash = "sha256:eef2afb0fd1747f33f1ee3e209bce1ed582d1896b240ccc5e2697e3275f037c7"},
    {file = "regex-2021.11.10-cp39-cp39-manylinux_2_17_ppc64le.manylinux2014_ppc64le.whl", hash = "sha256:432bd15d40ed835a51617521d60d0125867f7b88acf653e4ed994a1f8e4995dc"},
    {file = "regex-2021.11.10-cp39-cp39-manylinux_2_17_s390x.manylinux2014_s390x.whl", hash = "sha256:b43c2b8a330a490daaef5a47ab114935002b13b3f9dc5da56d5322ff218eeadb"},
    {file = "regex-2021.11.10-cp39-cp39-manylinux_2_17_x86_64.manylinux2014_x86_64.whl", hash = "sha256:962b9a917dd7ceacbe5cd424556914cb0d636001e393b43dc886ba31d2a1e449"},
    {file = "regex-2021.11.10-cp39-cp39-manylinux_2_5_i686.manylinux1_i686.manylinux_2_17_i686.manylinux2014_i686.whl", hash = "sha256:fa8c626d6441e2d04b6ee703ef2d1e17608ad44c7cb75258c09dd42bacdfc64b"},
    {file = "regex-2021.11.10-cp39-cp39-manylinux_2_5_x86_64.manylinux1_x86_64.manylinux_2_12_x86_64.manylinux2010_x86_64.whl", hash = "sha256:3c5fb32cc6077abad3bbf0323067636d93307c9fa93e072771cf9a64d1c0f3ef"},
    {file = "regex-2021.11.10-cp39-cp39-musllinux_1_1_aarch64.whl", hash = "sha256:cd410a1cbb2d297c67d8521759ab2ee3f1d66206d2e4328502a487589a2cb21b"},
    {file = "regex-2021.11.10-cp39-cp39-musllinux_1_1_i686.whl", hash = "sha256:e6096b0688e6e14af6a1b10eaad86b4ff17935c49aa774eac7c95a57a4e8c296"},
    {file = "regex-2021.11.10-cp39-cp39-musllinux_1_1_ppc64le.whl", hash = "sha256:529801a0d58809b60b3531ee804d3e3be4b412c94b5d267daa3de7fadef00f49"},
    {file = "regex-2021.11.10-cp39-cp39-musllinux_1_1_s390x.whl", hash = "sha256:0f594b96fe2e0821d026365f72ac7b4f0b487487fb3d4aaf10dd9d97d88a9737"},
    {file = "regex-2021.11.10-cp39-cp39-musllinux_1_1_x86_64.whl", hash = "sha256:2409b5c9cef7054dde93a9803156b411b677affc84fca69e908b1cb2c540025d"},
    {file = "regex-2021.11.10-cp39-cp39-win32.whl", hash = "sha256:3b5df18db1fccd66de15aa59c41e4f853b5df7550723d26aa6cb7f40e5d9da5a"},
    {file = "regex-2021.11.10-cp39-cp39-win_amd64.whl", hash = "sha256:83ee89483672b11f8952b158640d0c0ff02dc43d9cb1b70c1564b49abe92ce29"},
    {file = "regex-2021.11.10.tar.gz", hash = "sha256:f341ee2df0999bfdf7a95e448075effe0db212a59387de1a70690e4acb03d4c6"},
]
tgcrypto = [
    {file = "TgCrypto-1.2.2-cp36-cp36m-macosx_10_9_x86_64.whl", hash = "sha256:2073aa6bbc809a56ae3d54e0f496cacaee6e5cb7c08682153c992eae72b4fbb8"},
    {file = "TgCrypto-1.2.2-cp36-cp36m-manylinux1_i686.whl", hash = "sha256:bca8bcc1432d00955110173d0acd8410e2911ed9c8d05afae1a2ace4748314f1"},
    {file = "TgCrypto-1.2.2-cp36-cp36m-manylinux1_x86_64.whl", hash = "sha256:4a6c9d045a68eda43e4064aba32dbf1c40472143ed88f20315dfad867f9cddfb"},
    {file = "TgCrypto-1.2.2-cp36-cp36m-manylinux2010_i686.whl", hash = "sha256:611a02defa3dc0c4ead98987992cb7d967c4741f477a27fececd31da367b2046"},
    {file = "TgCrypto-1.2.2-cp36-cp36m-manylinux2010_x86_64.whl", hash = "sha256:d118dd9f297406d385d2bdd6e92ecc3a8443ea1c35ce70b4e892ce95c3808fb5"},
    {file = "TgCrypto-1.2.2-cp36-cp36m-manylinux2014_aarch64.whl", hash = "sha256:e34917079682579a90dbcadb6b44bc3cbb73efb1657e7dc19839de2428922d30"},
    {file = "TgCrypto-1.2.2-cp36-cp36m-win32.whl", hash = "sha256:8160b2f0c4b9e5672567d53f5a0f4d5c1ada54021dc93225b38a802ffa42b4e0"},
    {file = "TgCrypto-1.2.2-cp36-cp36m-win_amd64.whl", hash = "sha256:b5c7cb0e179c29b77f1b2b806edb7d01d9b4f205ca4f65c40375a3bb6a43bea4"},
    {file = "TgCrypto-1.2.2-cp37-cp37m-macosx_10_9_x86_64.whl", hash = "sha256:a0238007a6a68b7a99d118cfaa49a72b024a5bc3f7e9a60b07c1ba850a8d1d45"},
    {file = "TgCrypto-1.2.2-cp37-cp37m-manylinux1_i686.whl", hash = "sha256:7465a7df82cd8f79ea434f3e958d010fb5db80099f4034d441f2d6119afbdc9c"},
    {file = "TgCrypto-1.2.2-cp37-cp37m-manylinux1_x86_64.whl", hash = "sha256:8ee83902dd1e8bee467df6b58acb5e08e72a655afa1da655561d3e73edbef936"},
    {file = "TgCrypto-1.2.2-cp37-cp37m-manylinux2010_i686.whl", hash = "sha256:aa13cd10e8edf2520f3bff4f3327347e2883945c8b8c4a55f2b886f61cac13fa"},
    {file = "TgCrypto-1.2.2-cp37-cp37m-manylinux2010_x86_64.whl", hash = "sha256:37259c0a81d9170a1c9213d898e3ad2ec2973be361428e92be722f8af2029fb9"},
    {file = "TgCrypto-1.2.2-cp37-cp37m-manylinux2014_aarch64.whl", hash = "sha256:cad01599f511c502518f99869069d311a9e3df37324e077ca5742061395daa84"},
    {file = "TgCrypto-1.2.2-cp37-cp37m-win32.whl", hash = "sha256:ab0cc75142fab303bb7c8be5c60f0bff02378921d7cb3269db5d46bbc6c1792b"},
    {file = "TgCrypto-1.2.2-cp37-cp37m-win_amd64.whl", hash = "sha256:feb71d6865cbf781ef36aeca075b6b86a19f3367958677ecd4912c69f25aa0af"},
    {file = "TgCrypto-1.2.2-cp38-cp38-macosx_10_9_x86_64.whl", hash = "sha256:6efe4b3f050fe6c3bd820abf4a4c0854ea5fcb934bf76a9155e51347fc7d6796"},
    {file = "TgCrypto-1.2.2-cp38-cp38-manylinux1_i686.whl", hash = "sha256:99154a515f68e75ddf76082c64eae522fe08620d9bcf8ebbf1d2f931bed07781"},
    {file = "TgCrypto-1.2.2-cp38-cp38-manylinux1_x86_64.whl", hash = "sha256:c7d1180c63b9cf774d474a0c6c27d7f3ee367d808589bbe218e4567ebc6bd4df"},
    {file = "TgCrypto-1.2.2-cp38-cp38-manylinux2010_i686.whl", hash = "sha256:3cd17b033754c7dc08b346ac430e81a162a143bb42a7ffc5b8420872e5432f51"},
    {file = "TgCrypto-1.2.2-cp38-cp38-manylinux2010_x86_64.whl", hash = "sha256:d4e1b08733c09c0056ede44366ebe65cec7a5f19b78ff009aacbc9ac9158fcf6"},
    {file = "TgCrypto-1.2.2-cp38-cp38-manylinux2014_aarch64.whl", hash = "sha256:cb9c74812093554de4c99578758753a3034a62ad23672e4b80ce8381ec93eb6f"},
    {file = "TgCrypto-1.2.2-cp38-cp38-win32.whl", hash = "sha256:1d2223d3700590b63df905b825f7e01aee1da7a7309d0a7cd8496fe0cfce9a0c"},
    {file = "TgCrypto-1.2.2-cp38-cp38-win_amd64.whl", hash = "sha256:bf210e4d7320d75737092bbb9f67b8d5fd2146fd2dc6786337961acbc9d94945"},
    {file = "TgCrypto-1.2.2-cp39-cp39-macosx_10_9_x86_64.whl", hash = "sha256:c89c25678704890ebe653ee528046844eb8470d205235a21c9db91cd4d12ed85"},
    {file = "TgCrypto-1.2.2-cp39-cp39-manylinux1_i686.whl", hash = "sha256:230cb83d87ed9d289445801483de35035d60f14811a601c3b80dbf68fdb15a18"},
    {file = "TgCrypto-1.2.2-cp39-cp39-manylinux1_x86_64.whl", hash = "sha256:0efb29c804be7c2a66ea0855665d6196e0643f17f6e2c2c768aa0b5b784690de"},
    {file = "TgCrypto-1.2.2-cp39-cp39-manylinux2010_i686.whl", hash = "sha256:1292a586bbf161d23beeacc0ddf5b26553c875d380d14d08b6c2283dabd05447"},
    {file = "TgCrypto-1.2.2-cp39-cp39-manylinux2010_x86_64.whl", hash = "sha256:36a06b45e5776a463b1484b0810c9ce0c79d16ee954ace5fe98fc63c6fe6244d"},
    {file = "TgCrypto-1.2.2-cp39-cp39-manylinux2014_aarch64.whl", hash = "sha256:0c7fe235c703099d2ed27d6b4d51823625b84315af2f20aec07420260ef6543e"},
    {file = "TgCrypto-1.2.2-cp39-cp39-win32.whl", hash = "sha256:e2c95040772d7db6c4ae55868de38c218c806edbef969f6de17983a2663b9699"},
    {file = "TgCrypto-1.2.2-cp39-cp39-win_amd64.whl", hash = "sha256:476a413105d96b6f87a5f58b13e2de3b5328cdc98c426758727dd1f8049bca65"},
    {file = "TgCrypto-1.2.2.tar.gz", hash = "sha256:df1d7bc592309eab34ea132f41acc2d7d6e0756ec5fbc0263922cb0e0326c6ef"},
]
toml = [
    {file = "toml-0.10.2-py2.py3-none-any.whl", hash = "sha256:806143ae5bfb6a3c6e736a764057db0e6a0e05e338b5630894a5f779cabb4f9b"},
    {file = "toml-0.10.2.tar.gz", hash = "sha256:b3bda1d108d5dd99f4a20d24d9c348e91c4db7ab1b749200bded2f839ccbe68f"},
]
tqdm = [
    {file = "tqdm-4.62.3-py2.py3-none-any.whl", hash = "sha256:8dd278a422499cd6b727e6ae4061c40b48fce8b76d1ccbf5d34fca9b7f925b0c"},
    {file = "tqdm-4.62.3.tar.gz", hash = "sha256:d359de7217506c9851b7869f3708d8ee53ed70a1b8edbba4dbcb47442592920d"},
]
typed-ast = [
    {file = "typed_ast-1.5.1-cp310-cp310-macosx_10_9_x86_64.whl", hash = "sha256:5d8314c92414ce7481eee7ad42b353943679cf6f30237b5ecbf7d835519e1212"},
    {file = "typed_ast-1.5.1-cp310-cp310-macosx_11_0_arm64.whl", hash = "sha256:b53ae5de5500529c76225d18eeb060efbcec90ad5e030713fe8dab0fb4531631"},
    {file = "typed_ast-1.5.1-cp310-cp310-manylinux_2_5_x86_64.manylinux1_x86_64.manylinux_2_12_x86_64.manylinux2010_x86_64.whl", hash = "sha256:24058827d8f5d633f97223f5148a7d22628099a3d2efe06654ce872f46f07cdb"},
    {file = "typed_ast-1.5.1-cp310-cp310-win_amd64.whl", hash = "sha256:a6d495c1ef572519a7bac9534dbf6d94c40e5b6a608ef41136133377bba4aa08"},
    {file = "typed_ast-1.5.1-cp36-cp36m-macosx_10_9_x86_64.whl", hash = "sha256:de4ecae89c7d8b56169473e08f6bfd2df7f95015591f43126e4ea7865928677e"},
    {file = "typed_ast-1.5.1-cp36-cp36m-manylinux_2_5_x86_64.manylinux1_x86_64.manylinux_2_12_x86_64.manylinux2010_x86_64.whl", hash = "sha256:256115a5bc7ea9e665c6314ed6671ee2c08ca380f9d5f130bd4d2c1f5848d695"},
    {file = "typed_ast-1.5.1-cp36-cp36m-win_amd64.whl", hash = "sha256:7c42707ab981b6cf4b73490c16e9d17fcd5227039720ca14abe415d39a173a30"},
    {file = "typed_ast-1.5.1-cp37-cp37m-macosx_10_9_x86_64.whl", hash = "sha256:71dcda943a471d826ea930dd449ac7e76db7be778fcd722deb63642bab32ea3f"},
    {file = "typed_ast-1.5.1-cp37-cp37m-manylinux_2_5_x86_64.manylinux1_x86_64.manylinux_2_12_x86_64.manylinux2010_x86_64.whl", hash = "sha256:4f30a2bcd8e68adbb791ce1567fdb897357506f7ea6716f6bbdd3053ac4d9471"},
    {file = "typed_ast-1.5.1-cp37-cp37m-win_amd64.whl", hash = "sha256:ca9e8300d8ba0b66d140820cf463438c8e7b4cdc6fd710c059bfcfb1531d03fb"},
    {file = "typed_ast-1.5.1-cp38-cp38-macosx_10_9_x86_64.whl", hash = "sha256:9caaf2b440efb39ecbc45e2fabde809cbe56272719131a6318fd9bf08b58e2cb"},
    {file = "typed_ast-1.5.1-cp38-cp38-macosx_11_0_arm64.whl", hash = "sha256:c9bcad65d66d594bffab8575f39420fe0ee96f66e23c4d927ebb4e24354ec1af"},
    {file = "typed_ast-1.5.1-cp38-cp38-manylinux_2_5_x86_64.manylinux1_x86_64.manylinux_2_12_x86_64.manylinux2010_x86_64.whl", hash = "sha256:591bc04e507595887160ed7aa8d6785867fb86c5793911be79ccede61ae96f4d"},
    {file = "typed_ast-1.5.1-cp38-cp38-win_amd64.whl", hash = "sha256:a80d84f535642420dd17e16ae25bb46c7f4c16ee231105e7f3eb43976a89670a"},
    {file = "typed_ast-1.5.1-cp39-cp39-macosx_10_9_x86_64.whl", hash = "sha256:38cf5c642fa808300bae1281460d4f9b7617cf864d4e383054a5ef336e344d32"},
    {file = "typed_ast-1.5.1-cp39-cp39-macosx_11_0_arm64.whl", hash = "sha256:5b6ab14c56bc9c7e3c30228a0a0b54b915b1579613f6e463ba6f4eb1382e7fd4"},
    {file = "typed_ast-1.5.1-cp39-cp39-manylinux_2_5_x86_64.manylinux1_x86_64.manylinux_2_12_x86_64.manylinux2010_x86_64.whl", hash = "sha256:a2b8d7007f6280e36fa42652df47087ac7b0a7d7f09f9468f07792ba646aac2d"},
    {file = "typed_ast-1.5.1-cp39-cp39-win_amd64.whl", hash = "sha256:b6d17f37f6edd879141e64a5db17b67488cfeffeedad8c5cec0392305e9bc775"},
    {file = "typed_ast-1.5.1.tar.gz", hash = "sha256:484137cab8ecf47e137260daa20bafbba5f4e3ec7fda1c1e69ab299b75fa81c5"},
]
typing-extensions = [
    {file = "typing_extensions-4.0.1-py3-none-any.whl", hash = "sha256:7f001e5ac290a0c0401508864c7ec868be4e701886d5b573a9528ed3973d9d3b"},
    {file = "typing_extensions-4.0.1.tar.gz", hash = "sha256:4ca091dea149f945ec56afb48dae714f21e8692ef22a395223bcd328961b6a0e"},
]
wcwidth = [
    {file = "wcwidth-0.2.5-py2.py3-none-any.whl", hash = "sha256:beb4802a9cebb9144e99086eff703a642a13d6a0052920003a230f3294bbe784"},
    {file = "wcwidth-0.2.5.tar.gz", hash = "sha256:c4d647b99872929fdb7bdcaa4fbe7f01413ed3d98077df798530e5b04f116c83"},
]
