[[package]]
name = "appdirs"
version = "1.4.4"
description = "A small Python module for determining appropriate platform-specific dirs, e.g. a \"user data dir\"."
category = "dev"
optional = false
python-versions = "*"

[[package]]
name = "atomicwrites"
version = "1.4.1"
description = "Atomic file writes."
category = "dev"
optional = false
python-versions = ">=2.7, !=3.0.*, !=3.1.*, !=3.2.*, !=3.3.*"

[[package]]
name = "attrs"
version = "22.1.0"
description = "Classes Without Boilerplate"
category = "dev"
optional = false
python-versions = ">=3.5"

[package.extras]
dev = ["coverage[toml] (>=5.0.2)", "hypothesis", "pympler", "pytest (>=4.3.0)", "mypy (>=0.900,!=0.940)", "pytest-mypy-plugins", "zope.interface", "furo", "sphinx", "sphinx-notfound-page", "pre-commit", "cloudpickle"]
docs = ["furo", "sphinx", "zope.interface", "sphinx-notfound-page"]
tests = ["coverage[toml] (>=5.0.2)", "hypothesis", "pympler", "pytest (>=4.3.0)", "mypy (>=0.900,!=0.940)", "pytest-mypy-plugins", "zope.interface", "cloudpickle"]
tests_no_zope = ["coverage[toml] (>=5.0.2)", "hypothesis", "pympler", "pytest (>=4.3.0)", "mypy (>=0.900,!=0.940)", "pytest-mypy-plugins", "cloudpickle"]

[[package]]
name = "autoflake"
version = "1.4"
description = "Removes unused imports and unused variables"
category = "dev"
optional = false
python-versions = "*"

[package.dependencies]
pyflakes = ">=1.1.0"

[[package]]
name = "autopep8"
version = "1.6.0"
description = "A tool that automatically formats Python code to conform to the PEP 8 style guide"
category = "dev"
optional = false
python-versions = "*"

[package.dependencies]
pycodestyle = ">=2.8.0"
toml = "*"

[[package]]
name = "black"
version = "20.8b1"
description = "The uncompromising code formatter."
category = "dev"
optional = false
python-versions = ">=3.6"

[package.dependencies]
appdirs = "*"
click = ">=7.1.2"
mypy-extensions = ">=0.4.3"
pathspec = ">=0.6,<1"
regex = ">=2020.1.8"
toml = ">=0.10.1"
typed-ast = ">=1.4.0"
typing-extensions = ">=3.7.4"

[package.extras]
colorama = ["colorama (>=0.4.3)"]
d = ["aiohttp (>=3.3.2)", "aiohttp-cors"]

[[package]]
name = "click"
version = "8.1.3"
description = "Composable command line interface toolkit"
category = "dev"
optional = false
python-versions = ">=3.7"

[package.dependencies]
colorama = {version = "*", markers = "platform_system == \"Windows\""}
importlib-metadata = {version = "*", markers = "python_version < \"3.8\""}

[[package]]
name = "colorama"
version = "0.4.5"
description = "Cross-platform colored terminal text."
category = "main"
optional = false
python-versions = ">=2.7, !=3.0.*, !=3.1.*, !=3.2.*, !=3.3.*, !=3.4.*"

[[package]]
name = "hachoir"
version = "3.1.1"
description = "Package of Hachoir parsers used to open binary files"
category = "main"
optional = false
python-versions = "*"

[package.extras]
urwid = ["urwid (==1.3.1)"]

[[package]]
name = "importlib-metadata"
version = "4.12.0"
description = "Read metadata from Python packages"
category = "dev"
optional = false
python-versions = ">=3.7"

[package.dependencies]
typing-extensions = {version = ">=3.6.4", markers = "python_version < \"3.8\""}
zipp = ">=0.5"

[package.extras]
docs = ["sphinx", "jaraco.packaging (>=9)", "rst.linker (>=1.9)"]
perf = ["ipython"]
testing = ["pytest (>=6)", "pytest-checkdocs (>=2.4)", "pytest-flake8", "pytest-cov", "pytest-enabler (>=1.3)", "packaging", "pyfakefs", "flufl.flake8", "pytest-perf (>=0.9.2)", "pytest-black (>=0.3.7)", "pytest-mypy (>=0.9.1)", "importlib-resources (>=1.3)"]

[[package]]
name = "isort"
version = "5.10.1"
description = "A Python utility / library to sort Python imports."
category = "dev"
optional = false
python-versions = ">=3.6.1,<4.0"

[package.extras]
pipfile_deprecated_finder = ["pipreqs", "requirementslib"]
requirements_deprecated_finder = ["pipreqs", "pip-api"]
colors = ["colorama (>=0.4.3,<0.5.0)"]
plugins = ["setuptools"]

[[package]]
name = "more-itertools"
version = "8.13.0"
description = "More routines for operating on iterables, beyond itertools"
category = "dev"
optional = false
python-versions = ">=3.5"

[[package]]
name = "mypy-extensions"
version = "0.4.3"
description = "Experimental type system extensions for programs checked with the mypy typechecker."
category = "dev"
optional = false
python-versions = "*"

[[package]]
name = "packaging"
version = "21.3"
description = "Core utilities for Python packages"
category = "dev"
optional = false
python-versions = ">=3.6"

[package.dependencies]
pyparsing = ">=2.0.2,<3.0.5 || >3.0.5"

[[package]]
name = "pathspec"
version = "0.9.0"
description = "Utility library for gitignore style pattern matching of file paths."
category = "dev"
optional = false
python-versions = "!=3.0.*,!=3.1.*,!=3.2.*,!=3.3.*,!=3.4.*,>=2.7"

[[package]]
name = "pluggy"
version = "0.13.1"
description = "plugin and hook calling mechanisms for python"
category = "dev"
optional = false
python-versions = ">=2.7, !=3.0.*, !=3.1.*, !=3.2.*, !=3.3.*"

[package.dependencies]
importlib-metadata = {version = ">=0.12", markers = "python_version < \"3.8\""}

[package.extras]
dev = ["pre-commit", "tox"]

[[package]]
name = "py"
version = "1.11.0"
description = "library with cross-python path, ini-parsing, io, code, log facilities"
category = "dev"
optional = false
python-versions = ">=2.7, !=3.0.*, !=3.1.*, !=3.2.*, !=3.3.*, !=3.4.*"

[[package]]
name = "pyaes"
version = "1.6.1"
description = "Pure-Python Implementation of the AES block-cipher and common modes of operation"
category = "main"
optional = false
python-versions = "*"

[[package]]
name = "pycodestyle"
version = "2.8.0"
description = "Python style guide checker"
category = "dev"
optional = false
python-versions = ">=2.7, !=3.0.*, !=3.1.*, !=3.2.*, !=3.3.*, !=3.4.*"

[[package]]
name = "pyflakes"
version = "2.4.0"
description = "passive checker of Python programs"
category = "dev"
optional = false
python-versions = ">=2.7, !=3.0.*, !=3.1.*, !=3.2.*, !=3.3.*"

[[package]]
name = "pyparsing"
version = "3.0.9"
description = "pyparsing module - Classes and methods to define and execute parsing grammars"
category = "dev"
optional = false
python-versions = ">=3.6.8"

[package.extras]
diagrams = ["railroad-diagrams", "jinja2"]

[[package]]
name = "pyrogram"
version = "2.0.35"
description = "Elegant, modern and asynchronous Telegram MTProto API framework in Python for users and bots"
category = "main"
optional = false
python-versions = "~=3.7"

[package.dependencies]
pyaes = "1.6.1"
pysocks = "1.7.1"

[[package]]
name = "pysocks"
version = "1.7.1"
description = "A Python SOCKS client module. See https://github.com/Anorov/PySocks for more information."
category = "main"
optional = false
python-versions = ">=2.7, !=3.0.*, !=3.1.*, !=3.2.*, !=3.3.*"

[[package]]
name = "pytest"
version = "5.4.3"
description = "pytest: simple powerful testing with Python"
category = "dev"
optional = false
python-versions = ">=3.5"

[package.dependencies]
atomicwrites = {version = ">=1.0", markers = "sys_platform == \"win32\""}
attrs = ">=17.4.0"
colorama = {version = "*", markers = "sys_platform == \"win32\""}
importlib-metadata = {version = ">=0.12", markers = "python_version < \"3.8\""}
more-itertools = ">=4.0.0"
packaging = "*"
pluggy = ">=0.12,<1.0"
py = ">=1.5.0"
wcwidth = "*"

[package.extras]
checkqa-mypy = ["mypy (==v0.761)"]
testing = ["argcomplete", "hypothesis (>=3.56)", "mock", "nose", "requests", "xmlschema"]

[[package]]
name = "python-dotenv"
version = "0.10.0"
description = "Add .env support to your django/flask apps in development and deployments"
category = "main"
optional = false
python-versions = "*"

[package.extras]
cli = ["click (>=5.0)"]

[[package]]
name = "regex"
version = "2022.7.25"
description = "Alternative regular expression module, to replace re."
category = "dev"
optional = false
python-versions = ">=3.6"

[[package]]
name = "tgcrypto"
version = "1.2.3"
description = "Fast and Portable Cryptography Extension Library for Pyrogram"
category = "main"
optional = false
python-versions = "~=3.6"

[[package]]
name = "toml"
version = "0.10.2"
description = "Python Library for Tom's Obvious, Minimal Language"
category = "dev"
optional = false
python-versions = ">=2.6, !=3.0.*, !=3.1.*, !=3.2.*"

[[package]]
name = "tqdm"
version = "4.62.3"
description = "Fast, Extensible Progress Meter"
category = "main"
optional = false
python-versions = "!=3.0.*,!=3.1.*,!=3.2.*,!=3.3.*,>=2.7"

[package.dependencies]
colorama = {version = "*", markers = "platform_system == \"Windows\""}

[package.extras]
dev = ["py-make (>=0.1.0)", "twine", "wheel"]
notebook = ["ipywidgets (>=6)"]
telegram = ["requests"]

[[package]]
name = "typed-ast"
version = "1.5.4"
description = "a fork of Python 2 and 3 ast modules with type comment support"
category = "dev"
optional = false
python-versions = ">=3.6"

[[package]]
name = "typing-extensions"
version = "4.3.0"
description = "Backported and Experimental Type Hints for Python 3.7+"
category = "dev"
optional = false
python-versions = ">=3.7"

[[package]]
name = "wcwidth"
version = "0.2.5"
description = "Measures the displayed width of unicode strings in a terminal"
category = "dev"
optional = false
python-versions = "*"

[[package]]
name = "zipp"
version = "3.8.1"
description = "Backport of pathlib-compatible object wrapper for zip files"
category = "dev"
optional = false
python-versions = ">=3.7"

[package.extras]
docs = ["sphinx", "jaraco.packaging (>=9)", "rst.linker (>=1.9)", "jaraco.tidelift (>=1.4)"]
testing = ["pytest (>=6)", "pytest-checkdocs (>=2.4)", "pytest-flake8", "pytest-cov", "pytest-enabler (>=1.3)", "jaraco.itertools", "func-timeout", "pytest-black (>=0.3.7)", "pytest-mypy (>=0.9.1)"]

[metadata]
lock-version = "1.1"
python-versions = ">=3.7.7,<4"
content-hash = "5144235b814b47721401b8101c3c2dd5302c6a89e1a6ef1630fca01d224b7ba1"

[metadata.files]
appdirs = [
    {file = "appdirs-1.4.4-py2.py3-none-any.whl", hash = "sha256:a841dacd6b99318a741b166adb07e19ee71a274450e68237b4650ca1055ab128"},
    {file = "appdirs-1.4.4.tar.gz", hash = "sha256:7d5d0167b2b1ba821647616af46a749d1c653740dd0d2415100fe26e27afdf41"},
]
atomicwrites = []
attrs = []
autoflake = [
    {file = "autoflake-1.4.tar.gz", hash = "sha256:61a353012cff6ab94ca062823d1fb2f692c4acda51c76ff83a8d77915fba51ea"},
]
autopep8 = [
    {file = "autopep8-1.6.0-py2.py3-none-any.whl", hash = "sha256:ed77137193bbac52d029a52c59bec1b0629b5a186c495f1eb21b126ac466083f"},
    {file = "autopep8-1.6.0.tar.gz", hash = "sha256:44f0932855039d2c15c4510d6df665e4730f2b8582704fa48f9c55bd3e17d979"},
]
black = [
    {file = "black-20.8b1.tar.gz", hash = "sha256:1c02557aa099101b9d21496f8a914e9ed2222ef70336404eeeac8edba836fbea"},
]
click = [
    {file = "click-8.1.3-py3-none-any.whl", hash = "sha256:bb4d8133cb15a609f44e8213d9b391b0809795062913b383c62be0ee95b1db48"},
    {file = "click-8.1.3.tar.gz", hash = "sha256:7682dc8afb30297001674575ea00d1814d808d6a36af415a82bd481d37ba7b8e"},
]
colorama = [
    {file = "colorama-0.4.5-py2.py3-none-any.whl", hash = "sha256:854bf444933e37f5824ae7bfc1e98d5bce2ebe4160d46b5edf346a89358e99da"},
    {file = "colorama-0.4.5.tar.gz", hash = "sha256:e6c6b4334fc50988a639d9b98aa429a0b57da6e17b9a44f0451f930b6967b7a4"},
]
hachoir = [
    {file = "hachoir-3.1.1-py3-none-any.whl", hash = "sha256:353a1efc84a971a0fe6f85e425f2d1d23ab5e702d2c8a0d12da62115a33cbb7d"},
    {file = "hachoir-3.1.1.tar.gz", hash = "sha256:0aa71a39f8c32d3e65902285fefd155d96c2beaec2697a230b67709aaf73140c"},
]
importlib-metadata = []
isort = [
    {file = "isort-5.10.1-py3-none-any.whl", hash = "sha256:6f62d78e2f89b4500b080fe3a81690850cd254227f27f75c3a0c491a1f351ba7"},
    {file = "isort-5.10.1.tar.gz", hash = "sha256:e8443a5e7a020e9d7f97f1d7d9cd17c88bcb3bc7e218bf9cf5095fe550be2951"},
]
more-itertools = [
    {file = "more-itertools-8.13.0.tar.gz", hash = "sha256:a42901a0a5b169d925f6f217cd5a190e32ef54360905b9c39ee7db5313bfec0f"},
    {file = "more_itertools-8.13.0-py3-none-any.whl", hash = "sha256:c5122bffc5f104d37c1626b8615b511f3427aa5389b94d61e5ef8236bfbc3ddb"},
]
mypy-extensions = [
    {file = "mypy_extensions-0.4.3-py2.py3-none-any.whl", hash = "sha256:090fedd75945a69ae91ce1303b5824f428daf5a028d2f6ab8a299250a846f15d"},
    {file = "mypy_extensions-0.4.3.tar.gz", hash = "sha256:2d82818f5bb3e369420cb3c4060a7970edba416647068eb4c5343488a6c604a8"},
]
packaging = [
    {file = "packaging-21.3-py3-none-any.whl", hash = "sha256:ef103e05f519cdc783ae24ea4e2e0f508a9c99b2d4969652eed6a2e1ea5bd522"},
    {file = "packaging-21.3.tar.gz", hash = "sha256:dd47c42927d89ab911e606518907cc2d3a1f38bbd026385970643f9c5b8ecfeb"},
]
pathspec = [
    {file = "pathspec-0.9.0-py2.py3-none-any.whl", hash = "sha256:7d15c4ddb0b5c802d161efc417ec1a2558ea2653c2e8ad9c19098201dc1c993a"},
    {file = "pathspec-0.9.0.tar.gz", hash = "sha256:e564499435a2673d586f6b2130bb5b95f04a3ba06f81b8f895b651a3c76aabb1"},
]
pluggy = [
    {file = "pluggy-0.13.1-py2.py3-none-any.whl", hash = "sha256:966c145cd83c96502c3c3868f50408687b38434af77734af1e9ca461a4081d2d"},
    {file = "pluggy-0.13.1.tar.gz", hash = "sha256:15b2acde666561e1298d71b523007ed7364de07029219b604cf808bfa1c765b0"},
]
py = [
    {file = "py-1.11.0-py2.py3-none-any.whl", hash = "sha256:607c53218732647dff4acdfcd50cb62615cedf612e72d1724fb1a0cc6405b378"},
    {file = "py-1.11.0.tar.gz", hash = "sha256:51c75c4126074b472f746a24399ad32f6053d1b34b68d2fa41e558e6f4a98719"},
]
pyaes = [
    {file = "pyaes-1.6.1.tar.gz", hash = "sha256:02c1b1405c38d3c370b085fb952dd8bea3fadcee6411ad99f312cc129c536d8f"},
]
pycodestyle = [
    {file = "pycodestyle-2.8.0-py2.py3-none-any.whl", hash = "sha256:720f8b39dde8b293825e7ff02c475f3077124006db4f440dcbc9a20b76548a20"},
    {file = "pycodestyle-2.8.0.tar.gz", hash = "sha256:eddd5847ef438ea1c7870ca7eb78a9d47ce0cdb4851a5523949f2601d0cbbe7f"},
]
pyflakes = [
    {file = "pyflakes-2.4.0-py2.py3-none-any.whl", hash = "sha256:3bb3a3f256f4b7968c9c788781e4ff07dce46bdf12339dcda61053375426ee2e"},
    {file = "pyflakes-2.4.0.tar.gz", hash = "sha256:05a85c2872edf37a4ed30b0cce2f6093e1d0581f8c19d7393122da7e25b2b24c"},
]
pyparsing = [
    {file = "pyparsing-3.0.9-py3-none-any.whl", hash = "sha256:5026bae9a10eeaefb61dab2f09052b9f4307d44aee4eda64b309723d8d206bbc"},
    {file = "pyparsing-3.0.9.tar.gz", hash = "sha256:2b020ecf7d21b687f219b71ecad3631f644a47f01403fa1d1036b0c6416d70fb"},
]
pyrogram = []
pysocks = [
    {file = "PySocks-1.7.1-py27-none-any.whl", hash = "sha256:08e69f092cc6dbe92a0fdd16eeb9b9ffbc13cadfe5ca4c7bd92ffb078b293299"},
    {file = "PySocks-1.7.1-py3-none-any.whl", hash = "sha256:2725bd0a9925919b9b51739eea5f9e2bae91e83288108a9ad338b2e3a4435ee5"},
    {file = "PySocks-1.7.1.tar.gz", hash = "sha256:3f8804571ebe159c380ac6de37643bb4685970655d3bba243530d6558b799aa0"},
]
pytest = [
    {file = "pytest-5.4.3-py3-none-any.whl", hash = "sha256:5c0db86b698e8f170ba4582a492248919255fcd4c79b1ee64ace34301fb589a1"},
    {file = "pytest-5.4.3.tar.gz", hash = "sha256:7979331bfcba207414f5e1263b5a0f8f521d0f457318836a7355531ed1a4c7d8"},
]
python-dotenv = [
    {file = "python-dotenv-0.10.0.tar.gz", hash = "sha256:4f3582904d08dac5ab4c9aa44cb17ce056c9a35e585cfda6183d80054d247307"},
    {file = "python_dotenv-0.10.0-py2.py3-none-any.whl", hash = "sha256:cb8cd327109898c7725f76c5256a081e8a9efe72ebbf127f8d1221ceb7f38bf2"},
]
regex = []
tgcrypto = [
    {file = "TgCrypto-1.2.3-cp310-cp310-macosx_10_9_universal2.whl", hash = "sha256:266cfc47dde87e23421b2ee50cbb066ec4b8c294553f79742e3d694af5c0d118"},
    {file = "TgCrypto-1.2.3-cp310-cp310-macosx_10_9_x86_64.whl", hash = "sha256:ab3f759180b17d252dd57f018dff9190dc0e96e5ff3aeb90b598e2ab2f81f57e"},
    {file = "TgCrypto-1.2.3-cp310-cp310-macosx_11_0_arm64.whl", hash = "sha256:8f69a8a73c37f99bc265df5e071f0506e2815d001362f117c6f7db13c9a1859e"},
    {file = "TgCrypto-1.2.3-cp310-cp310-manylinux_2_17_x86_64.manylinux2014_x86_64.whl", hash = "sha256:51f0b1f75533b01c4109ee332e48d9f6734fb286cebe8385c8b1393ba183b693"},
    {file = "TgCrypto-1.2.3-cp310-cp310-manylinux_2_5_i686.manylinux1_i686.manylinux_2_17_i686.manylinux2014_i686.whl", hash = "sha256:6fd9f9ba1ec042430539a895377f18260dd9833a8eacb52121457756bb26419d"},
    {file = "TgCrypto-1.2.3-cp310-cp310-musllinux_1_1_i686.whl", hash = "sha256:af738c072d721eb8a0d39b0d6140193c0e848f6cb34071ff573b4dd5c094b499"},
    {file = "TgCrypto-1.2.3-cp310-cp310-musllinux_1_1_x86_64.whl", hash = "sha256:9f0a07a7112fcdc1c5c84a3b72de4c2d96ef45edc51e542bd7f998b2305b74c8"},
    {file = "TgCrypto-1.2.3-cp310-cp310-win32.whl", hash = "sha256:d58bd811d1a533cbe0e10677152c75edee01b9c893edea6e455678dbf271313f"},
    {file = "TgCrypto-1.2.3-cp310-cp310-win_amd64.whl", hash = "sha256:8e29b62061bc97f1de5176f2c91891b0c614b0de6b1999a0a477faaa61159748"},
    {file = "TgCrypto-1.2.3-cp36-cp36m-macosx_10_9_x86_64.whl", hash = "sha256:7ccb42db80af53d109753be139bb7f6b9cf9e6281e847619860964a8a7edf019"},
    {file = "TgCrypto-1.2.3-cp36-cp36m-manylinux_2_17_x86_64.manylinux2014_x86_64.whl", hash = "sha256:4a2d5cfdf06eabfdc3027257cc28ce3d42922644f33f523308e69644af5843c4"},
    {file = "TgCrypto-1.2.3-cp36-cp36m-manylinux_2_5_i686.manylinux1_i686.manylinux_2_17_i686.manylinux2014_i686.whl", hash = "sha256:adcc983f85812892f77fed9c96a9751b4c18e63cd5b8ea76836f778304d7a9db"},
    {file = "TgCrypto-1.2.3-cp36-cp36m-musllinux_1_1_i686.whl", hash = "sha256:307035717383ea256d1c629675610f007d127d67ef786e0055a127b53f6fa589"},
    {file = "TgCrypto-1.2.3-cp36-cp36m-musllinux_1_1_x86_64.whl", hash = "sha256:281672bfb51b3e30be1a0f29717007d0e815c323afe5c802f07e551099934e62"},
    {file = "TgCrypto-1.2.3-cp36-cp36m-win32.whl", hash = "sha256:438316dc58ef75bb5f7f2e4521e942c3e797966b7262d0b5880bf84c59c2ba48"},
    {file = "TgCrypto-1.2.3-cp36-cp36m-win_amd64.whl", hash = "sha256:c385a651f83f710fba150f8fba8774cfd0b2c234123de747c486cf46f8d182f6"},
    {file = "TgCrypto-1.2.3-cp37-cp37m-macosx_10_9_x86_64.whl", hash = "sha256:84932e93b6582a4abc8c64dd4b94a3b903d946f1d4ea4cbb7fe6bc1d49e7620a"},
    {file = "TgCrypto-1.2.3-cp37-cp37m-manylinux_2_17_x86_64.manylinux2014_x86_64.whl", hash = "sha256:97ced03b6fc66fd6074e07e90411ad2fb85d18f6110f5947ce29d5390f325b3e"},
    {file = "TgCrypto-1.2.3-cp37-cp37m-manylinux_2_5_i686.manylinux1_i686.manylinux_2_17_i686.manylinux2014_i686.whl", hash = "sha256:9c2dcd16acd9a25ab9e6f83eb93fdeb8c3d892c76cd8157a75a045a343f5c98d"},
    {file = "TgCrypto-1.2.3-cp37-cp37m-musllinux_1_1_i686.whl", hash = "sha256:3b0628dea2e06f59315ec373902f7b1b6562abba0e82c60d6843648bf1311e4b"},
    {file = "TgCrypto-1.2.3-cp37-cp37m-musllinux_1_1_x86_64.whl", hash = "sha256:90cf802e42fa187fbb3fb4de23b5c8b0a7bff946c2a6be31ff6b37254b00f254"},
    {file = "TgCrypto-1.2.3-cp37-cp37m-win32.whl", hash = "sha256:ba1976374a7b72c12f51eb3efcf291c56cc316eebfaea9c5db0c98c5fc149c33"},
    {file = "TgCrypto-1.2.3-cp37-cp37m-win_amd64.whl", hash = "sha256:bf553cc9088c7b6c502cbaa495d7c0b8ae035c56ff77e6c932efd2415ee13532"},
    {file = "TgCrypto-1.2.3-cp38-cp38-macosx_10_9_universal2.whl", hash = "sha256:c0efdf3d38320ddaafa145da1b2fce2abbdb9fc32d94538e2782e41da57ffe53"},
    {file = "TgCrypto-1.2.3-cp38-cp38-macosx_10_9_x86_64.whl", hash = "sha256:6e0ec261992ddb50081fbf2094ce6eaf97d880717b0e100caf74783cca317799"},
    {file = "TgCrypto-1.2.3-cp38-cp38-macosx_11_0_arm64.whl", hash = "sha256:5c0b5d6d1e6133e4ce283228df22c83ff5f760a169075eac1c493194462038c7"},
    {file = "TgCrypto-1.2.3-cp38-cp38-manylinux_2_17_x86_64.manylinux2014_x86_64.whl", hash = "sha256:2a036ad285536723540f4071a3f23d312104dc728906dfafd9bba0ca5c8ebfb6"},
    {file = "TgCrypto-1.2.3-cp38-cp38-manylinux_2_5_i686.manylinux1_i686.manylinux_2_17_i686.manylinux2014_i686.whl", hash = "sha256:4d5f139da89e4bfaca3b7667fe889fb1c14c818f85e3ef3f029d16575ac10b83"},
    {file = "TgCrypto-1.2.3-cp38-cp38-musllinux_1_1_i686.whl", hash = "sha256:f549f1164de67548327593362ae4f94435510b6d1c194e5579d3f0379f91bb71"},
    {file = "TgCrypto-1.2.3-cp38-cp38-musllinux_1_1_x86_64.whl", hash = "sha256:8aef7d1d88fe051dae5a9a331e78e27f031a7290bed5d5f4f07a440e9d836bbb"},
    {file = "TgCrypto-1.2.3-cp38-cp38-win32.whl", hash = "sha256:2a6ae87e32f5e94494eb37af29fd4e9d9560752f701922614b03fc6b2e6b9011"},
    {file = "TgCrypto-1.2.3-cp38-cp38-win_amd64.whl", hash = "sha256:056845a5e368d6e4e94b2b773ab0529dd5d5d65b04dc1fa051f63be7ff7e7a3a"},
    {file = "TgCrypto-1.2.3-cp39-cp39-macosx_10_9_universal2.whl", hash = "sha256:17bd13f6c99a784f43fbcd410a80c18f078dadea71d049718caf255f6510895f"},
    {file = "TgCrypto-1.2.3-cp39-cp39-macosx_10_9_x86_64.whl", hash = "sha256:8536befb9bf952bf986e83d02fbebd65f6465b574d8ed3f3456c3e97ccd9122a"},
    {file = "TgCrypto-1.2.3-cp39-cp39-macosx_11_0_arm64.whl", hash = "sha256:268ad4b8a8e5b5e6b13435d0d57b91ccb4a2af9e1c893b014ea42f1b43b1966c"},
    {file = "TgCrypto-1.2.3-cp39-cp39-manylinux_2_17_x86_64.manylinux2014_x86_64.whl", hash = "sha256:e0106d780ca971f00376e28ccc3f4d45a29665f3cbe2b7b118141ecd85fe4c2d"},
    {file = "TgCrypto-1.2.3-cp39-cp39-manylinux_2_5_i686.manylinux1_i686.manylinux_2_17_i686.manylinux2014_i686.whl", hash = "sha256:148fc9c40fdbd059655062c1eec612f8ace2d6d2a9158016472771ef04b06599"},
    {file = "TgCrypto-1.2.3-cp39-cp39-musllinux_1_1_i686.whl", hash = "sha256:42caf6e96742e8bce1a66bf7c6d48832ea1617f0a165e1c767ccde9d1889ba0f"},
    {file = "TgCrypto-1.2.3-cp39-cp39-musllinux_1_1_x86_64.whl", hash = "sha256:8d44117d9e57fc15425517fb363bd8757c2340b1fce464b1bef3dd69d828ed60"},
    {file = "TgCrypto-1.2.3-cp39-cp39-win32.whl", hash = "sha256:3199d2666f00bffd6c373190bc0f8153a7de1bf00da2cc585c877bb43a57b8d9"},
    {file = "TgCrypto-1.2.3-cp39-cp39-win_amd64.whl", hash = "sha256:fdba12358104453fef2b9f46ae7e364eadd8f857cd39ab6ab94a94bd4b246efc"},
    {file = "TgCrypto-1.2.3-pp37-pypy37_pp73-macosx_10_9_x86_64.whl", hash = "sha256:d2ccda26a5f3377242f926a88b65d46c4b5b7d515304ceaefc39543b3ee5fdc8"},
    {file = "TgCrypto-1.2.3-pp37-pypy37_pp73-manylinux_2_17_x86_64.manylinux2014_x86_64.whl", hash = "sha256:6bd38f118732c5ebc43fab7cd20ea4f53d0e2367a86169d22af98c2bca9bf8aa"},
    {file = "TgCrypto-1.2.3-pp37-pypy37_pp73-manylinux_2_5_i686.manylinux1_i686.manylinux_2_17_i686.manylinux2014_i686.whl", hash = "sha256:064caf3b1fdb7b923271130416fe6b2ab1ba695db83375011f39f49df3af202c"},
    {file = "TgCrypto-1.2.3-pp37-pypy37_pp73-win_amd64.whl", hash = "sha256:76d038ae370bef184d7ece6505573857f1229cb8ef54b93def820734d4baa3d8"},
    {file = "TgCrypto-1.2.3-pp38-pypy38_pp73-macosx_10_9_x86_64.whl", hash = "sha256:dde446012dd5395efdce266a4c25267217586f0296981385e79774dd60c69df1"},
    {file = "TgCrypto-1.2.3-pp38-pypy38_pp73-manylinux_2_17_x86_64.manylinux2014_x86_64.whl", hash = "sha256:5857bdd18359fda4680f2557b12e32e911ae08a1651e241c76d37130bf7e8bef"},
    {file = "TgCrypto-1.2.3-pp38-pypy38_pp73-manylinux_2_5_i686.manylinux1_i686.manylinux_2_17_i686.manylinux2014_i686.whl", hash = "sha256:8adabe5b55e78882a81d2a1aa8248ecb2767dc7305dde5f241e5e80208c8328c"},
    {file = "TgCrypto-1.2.3-pp38-pypy38_pp73-win_amd64.whl", hash = "sha256:8515d2f54d02937f40bb169ad733a9b7e9ba360d1fdef0c3d396af433c1ce474"},
    {file = "TgCrypto-1.2.3.tar.gz", hash = "sha256:87a7f4c722972645f20ec140499bf71672ba921d4ae85b33d3a7ab96c7c9d1b4"},
]
toml = [
    {file = "toml-0.10.2-py2.py3-none-any.whl", hash = "sha256:806143ae5bfb6a3c6e736a764057db0e6a0e05e338b5630894a5f779cabb4f9b"},
    {file = "toml-0.10.2.tar.gz", hash = "sha256:b3bda1d108d5dd99f4a20d24d9c348e91c4db7ab1b749200bded2f839ccbe68f"},
]
tqdm = [
    {file = "tqdm-4.62.3-py2.py3-none-any.whl", hash = "sha256:8dd278a422499cd6b727e6ae4061c40b48fce8b76d1ccbf5d34fca9b7f925b0c"},
    {file = "tqdm-4.62.3.tar.gz", hash = "sha256:d359de7217506c9851b7869f3708d8ee53ed70a1b8edbba4dbcb47442592920d"},
]
typed-ast = [
    {file = "typed_ast-1.5.4-cp310-cp310-macosx_10_9_x86_64.whl", hash = "sha256:669dd0c4167f6f2cd9f57041e03c3c2ebf9063d0757dc89f79ba1daa2bfca9d4"},
    {file = "typed_ast-1.5.4-cp310-cp310-macosx_11_0_arm64.whl", hash = "sha256:211260621ab1cd7324e0798d6be953d00b74e0428382991adfddb352252f1d62"},
    {file = "typed_ast-1.5.4-cp310-cp310-manylinux_2_17_aarch64.manylinux2014_aarch64.whl", hash = "sha256:267e3f78697a6c00c689c03db4876dd1efdfea2f251a5ad6555e82a26847b4ac"},
    {file = "typed_ast-1.5.4-cp310-cp310-manylinux_2_5_x86_64.manylinux1_x86_64.manylinux_2_12_x86_64.manylinux2010_x86_64.whl", hash = "sha256:c542eeda69212fa10a7ada75e668876fdec5f856cd3d06829e6aa64ad17c8dfe"},
    {file = "typed_ast-1.5.4-cp310-cp310-win_amd64.whl", hash = "sha256:a9916d2bb8865f973824fb47436fa45e1ebf2efd920f2b9f99342cb7fab93f72"},
    {file = "typed_ast-1.5.4-cp36-cp36m-macosx_10_9_x86_64.whl", hash = "sha256:79b1e0869db7c830ba6a981d58711c88b6677506e648496b1f64ac7d15633aec"},
    {file = "typed_ast-1.5.4-cp36-cp36m-manylinux_2_17_aarch64.manylinux2014_aarch64.whl", hash = "sha256:a94d55d142c9265f4ea46fab70977a1944ecae359ae867397757d836ea5a3f47"},
    {file = "typed_ast-1.5.4-cp36-cp36m-manylinux_2_5_x86_64.manylinux1_x86_64.manylinux_2_12_x86_64.manylinux2010_x86_64.whl", hash = "sha256:183afdf0ec5b1b211724dfef3d2cad2d767cbefac291f24d69b00546c1837fb6"},
    {file = "typed_ast-1.5.4-cp36-cp36m-win_amd64.whl", hash = "sha256:639c5f0b21776605dd6c9dbe592d5228f021404dafd377e2b7ac046b0349b1a1"},
    {file = "typed_ast-1.5.4-cp37-cp37m-macosx_10_9_x86_64.whl", hash = "sha256:cf4afcfac006ece570e32d6fa90ab74a17245b83dfd6655a6f68568098345ff6"},
    {file = "typed_ast-1.5.4-cp37-cp37m-manylinux_2_17_aarch64.manylinux2014_aarch64.whl", hash = "sha256:ed855bbe3eb3715fca349c80174cfcfd699c2f9de574d40527b8429acae23a66"},
    {file = "typed_ast-1.5.4-cp37-cp37m-manylinux_2_5_x86_64.manylinux1_x86_64.manylinux_2_12_x86_64.manylinux2010_x86_64.whl", hash = "sha256:6778e1b2f81dfc7bc58e4b259363b83d2e509a65198e85d5700dfae4c6c8ff1c"},
    {file = "typed_ast-1.5.4-cp37-cp37m-win_amd64.whl", hash = "sha256:0261195c2062caf107831e92a76764c81227dae162c4f75192c0d489faf751a2"},
    {file = "typed_ast-1.5.4-cp38-cp38-macosx_10_9_x86_64.whl", hash = "sha256:2efae9db7a8c05ad5547d522e7dbe62c83d838d3906a3716d1478b6c1d61388d"},
    {file = "typed_ast-1.5.4-cp38-cp38-macosx_11_0_arm64.whl", hash = "sha256:7d5d014b7daa8b0bf2eaef684295acae12b036d79f54178b92a2b6a56f92278f"},
    {file = "typed_ast-1.5.4-cp38-cp38-manylinux_2_17_aarch64.manylinux2014_aarch64.whl", hash = "sha256:370788a63915e82fd6f212865a596a0fefcbb7d408bbbb13dea723d971ed8bdc"},
    {file = "typed_ast-1.5.4-cp38-cp38-manylinux_2_5_x86_64.manylinux1_x86_64.manylinux_2_12_x86_64.manylinux2010_x86_64.whl", hash = "sha256:4e964b4ff86550a7a7d56345c7864b18f403f5bd7380edf44a3c1fb4ee7ac6c6"},
    {file = "typed_ast-1.5.4-cp38-cp38-win_amd64.whl", hash = "sha256:683407d92dc953c8a7347119596f0b0e6c55eb98ebebd9b23437501b28dcbb8e"},
    {file = "typed_ast-1.5.4-cp39-cp39-macosx_10_9_x86_64.whl", hash = "sha256:4879da6c9b73443f97e731b617184a596ac1235fe91f98d279a7af36c796da35"},
    {file = "typed_ast-1.5.4-cp39-cp39-macosx_11_0_arm64.whl", hash = "sha256:3e123d878ba170397916557d31c8f589951e353cc95fb7f24f6bb69adc1a8a97"},
    {file = "typed_ast-1.5.4-cp39-cp39-manylinux_2_17_aarch64.manylinux2014_aarch64.whl", hash = "sha256:ebd9d7f80ccf7a82ac5f88c521115cc55d84e35bf8b446fcd7836eb6b98929a3"},
    {file = "typed_ast-1.5.4-cp39-cp39-manylinux_2_5_x86_64.manylinux1_x86_64.manylinux_2_12_x86_64.manylinux2010_x86_64.whl", hash = "sha256:98f80dee3c03455e92796b58b98ff6ca0b2a6f652120c263efdba4d6c5e58f72"},
    {file = "typed_ast-1.5.4-cp39-cp39-win_amd64.whl", hash = "sha256:0fdbcf2fef0ca421a3f5912555804296f0b0960f0418c440f5d6d3abb549f3e1"},
    {file = "typed_ast-1.5.4.tar.gz", hash = "sha256:39e21ceb7388e4bb37f4c679d72707ed46c2fbf2a5609b8b8ebc4b067d977df2"},
]
typing-extensions = []
wcwidth = [
    {file = "wcwidth-0.2.5-py2.py3-none-any.whl", hash = "sha256:beb4802a9cebb9144e99086eff703a642a13d6a0052920003a230f3294bbe784"},
    {file = "wcwidth-0.2.5.tar.gz", hash = "sha256:c4d647b99872929fdb7bdcaa4fbe7f01413ed3d98077df798530e5b04f116c83"},
]
zipp = []
